// !$*UTF8*$!
{
	archiveVersion = 1;
	classes = {
	};
	objectVersion = 51;
	objects = {

/* Begin PBXBuildFile section */
		980E16862829BDEE706D64FE /* Pods_ArtSpaceDos.framework in Frameworks */ = {isa = PBXBuildFile; fileRef = 09A865853798F4EBF1E7D5E9 /* Pods_ArtSpaceDos.framework */; };
		CB0D6FAA23FC55A20082178A /* LoginViewController.swift in Sources */ = {isa = PBXBuildFile; fileRef = CB0D6FA923FC55A20082178A /* LoginViewController.swift */; };
		CB0D6FAE23FC55EA0082178A /* GifExtension.swift in Sources */ = {isa = PBXBuildFile; fileRef = CB0D6FAD23FC55EA0082178A /* GifExtension.swift */; };
		CB18ADE62416CCDA00A8745A /* FilterButton.swift in Sources */ = {isa = PBXBuildFile; fileRef = CB18ADE52416CCDA00A8745A /* FilterButton.swift */; };
		CBA886A423EDF40100E45D49 /* FilterViewController.swift in Sources */ = {isa = PBXBuildFile; fileRef = CBA886A323EDF40100E45D49 /* FilterViewController.swift */; };
		CBBEC33B23F5A13800A83FD7 /* Delegates.swift in Sources */ = {isa = PBXBuildFile; fileRef = CBBEC33A23F5A13800A83FD7 /* Delegates.swift */; };
		D80E04CF23ECAA2200352C3E /* ProfileViewController.swift in Sources */ = {isa = PBXBuildFile; fileRef = D80E04CE23ECAA2200352C3E /* ProfileViewController.swift */; };
		D80E04D123ECAA3900352C3E /* PurchaseHistoryViewController.swift in Sources */ = {isa = PBXBuildFile; fileRef = D80E04D023ECAA3900352C3E /* PurchaseHistoryViewController.swift */; };
		D80E04D323ECAA4C00352C3E /* SavedArtViewController.swift in Sources */ = {isa = PBXBuildFile; fileRef = D80E04D223ECAA4C00352C3E /* SavedArtViewController.swift */; };
		D80E04D523ECAAEC00352C3E /* MainTabBarController.swift in Sources */ = {isa = PBXBuildFile; fileRef = D80E04D423ECAAEC00352C3E /* MainTabBarController.swift */; };
		D82FA88223E33697005B22D4 /* AppDelegate.swift in Sources */ = {isa = PBXBuildFile; fileRef = D82FA88123E33697005B22D4 /* AppDelegate.swift */; };
		D82FA88423E33697005B22D4 /* SceneDelegate.swift in Sources */ = {isa = PBXBuildFile; fileRef = D82FA88323E33697005B22D4 /* SceneDelegate.swift */; };
		D82FA88923E33697005B22D4 /* Main.storyboard in Resources */ = {isa = PBXBuildFile; fileRef = D82FA88723E33697005B22D4 /* Main.storyboard */; };
		D82FA88B23E3369A005B22D4 /* Assets.xcassets in Resources */ = {isa = PBXBuildFile; fileRef = D82FA88A23E3369A005B22D4 /* Assets.xcassets */; };
		D82FA88E23E3369A005B22D4 /* LaunchScreen.storyboard in Resources */ = {isa = PBXBuildFile; fileRef = D82FA88C23E3369A005B22D4 /* LaunchScreen.storyboard */; };
		D82FA89923E33BED005B22D4 /* AppUser.swift in Sources */ = {isa = PBXBuildFile; fileRef = D82FA89823E33BED005B22D4 /* AppUser.swift */; };
		D82FA89B23E33C12005B22D4 /* ArtObject.swift in Sources */ = {isa = PBXBuildFile; fileRef = D82FA89A23E33C12005B22D4 /* ArtObject.swift */; };
		D82FA8A123E33C84005B22D4 /* MainViewController.swift in Sources */ = {isa = PBXBuildFile; fileRef = D82FA8A023E33C84005B22D4 /* MainViewController.swift */; };
		D82FA8A323E33C9E005B22D4 /* ArtDetailViewController.swift in Sources */ = {isa = PBXBuildFile; fileRef = D82FA8A223E33C9E005B22D4 /* ArtDetailViewController.swift */; };
		D82FA8A523E33CB1005B22D4 /* CreatePostViewController.swift in Sources */ = {isa = PBXBuildFile; fileRef = D82FA8A423E33CB1005B22D4 /* CreatePostViewController.swift */; };
		D82FA8A823E33D1F005B22D4 /* ArtCell.swift in Sources */ = {isa = PBXBuildFile; fileRef = D82FA8A723E33D1F005B22D4 /* ArtCell.swift */; };
		D82FA8AB23E33E49005B22D4 /* String+Validations.swift in Sources */ = {isa = PBXBuildFile; fileRef = D82FA8AA23E33E49005B22D4 /* String+Validations.swift */; };
		D82FA8B023E33EBD005B22D4 /* FirebaseAuth.swift in Sources */ = {isa = PBXBuildFile; fileRef = D82FA8AF23E33EBD005B22D4 /* FirebaseAuth.swift */; };
		D82FA8B223E33ED3005B22D4 /* FirestoreService.swift in Sources */ = {isa = PBXBuildFile; fileRef = D82FA8B123E33ED3005B22D4 /* FirestoreService.swift */; };
		D82FA8B423E346B6005B22D4 /* UIUtilities.swift in Sources */ = {isa = PBXBuildFile; fileRef = D82FA8B323E346B6005B22D4 /* UIUtilities.swift */; };
		D854837E23E385D300811E6B /* GoogleService-Info.plist in Resources */ = {isa = PBXBuildFile; fileRef = D854837D23E385D300811E6B /* GoogleService-Info.plist */; };
		D886C88723FDA15E002FA690 /* SavedArtCollectionViewCell.swift in Sources */ = {isa = PBXBuildFile; fileRef = D886C88623FDA15E002FA690 /* SavedArtCollectionViewCell.swift */; };
		FC1616FD23E8B45D00289C74 /* FirebaseStorageService.swift in Sources */ = {isa = PBXBuildFile; fileRef = FC1616FC23E8B45D00289C74 /* FirebaseStorageService.swift */; };
		FC1616FF23ECA03900289C74 /* ARViewController.swift in Sources */ = {isa = PBXBuildFile; fileRef = FC1616FE23ECA03900289C74 /* ARViewController.swift */; };
		FC16170323FC8C6900289C74 /* ReuseIdentifiers.swift in Sources */ = {isa = PBXBuildFile; fileRef = FC16170223FC8C6900289C74 /* ReuseIdentifiers.swift */; };
		FC6D4D482416C48B00D5FB66 /* UIViewControllerExtension.swift in Sources */ = {isa = PBXBuildFile; fileRef = FC6D4D472416C48A00D5FB66 /* UIViewControllerExtension.swift */; };
/* End PBXBuildFile section */

/* Begin PBXFileReference section */
		09A865853798F4EBF1E7D5E9 /* Pods_ArtSpaceDos.framework */ = {isa = PBXFileReference; explicitFileType = wrapper.framework; includeInIndex = 0; path = Pods_ArtSpaceDos.framework; sourceTree = BUILT_PRODUCTS_DIR; };
		5DD12EF2A79FB1D4CE364A52 /* Pods-ArtSpaceDos.release.xcconfig */ = {isa = PBXFileReference; includeInIndex = 1; lastKnownFileType = text.xcconfig; name = "Pods-ArtSpaceDos.release.xcconfig"; path = "Target Support Files/Pods-ArtSpaceDos/Pods-ArtSpaceDos.release.xcconfig"; sourceTree = "<group>"; };
		77B923EE99E9D0A580ED1304 /* Pods-ArtSpaceDos.debug.xcconfig */ = {isa = PBXFileReference; includeInIndex = 1; lastKnownFileType = text.xcconfig; name = "Pods-ArtSpaceDos.debug.xcconfig"; path = "Target Support Files/Pods-ArtSpaceDos/Pods-ArtSpaceDos.debug.xcconfig"; sourceTree = "<group>"; };
		CB0D6FA923FC55A20082178A /* LoginViewController.swift */ = {isa = PBXFileReference; lastKnownFileType = sourcecode.swift; path = LoginViewController.swift; sourceTree = "<group>"; };
		CB0D6FAD23FC55EA0082178A /* GifExtension.swift */ = {isa = PBXFileReference; lastKnownFileType = sourcecode.swift; path = GifExtension.swift; sourceTree = "<group>"; };
		CB18ADE52416CCDA00A8745A /* FilterButton.swift */ = {isa = PBXFileReference; lastKnownFileType = sourcecode.swift; path = FilterButton.swift; sourceTree = "<group>"; };
		CBA886A323EDF40100E45D49 /* FilterViewController.swift */ = {isa = PBXFileReference; lastKnownFileType = sourcecode.swift; path = FilterViewController.swift; sourceTree = "<group>"; };
		CBBEC33A23F5A13800A83FD7 /* Delegates.swift */ = {isa = PBXFileReference; lastKnownFileType = sourcecode.swift; path = Delegates.swift; sourceTree = "<group>"; };
		D80E04CE23ECAA2200352C3E /* ProfileViewController.swift */ = {isa = PBXFileReference; lastKnownFileType = sourcecode.swift; path = ProfileViewController.swift; sourceTree = "<group>"; };
		D80E04D023ECAA3900352C3E /* PurchaseHistoryViewController.swift */ = {isa = PBXFileReference; lastKnownFileType = sourcecode.swift; path = PurchaseHistoryViewController.swift; sourceTree = "<group>"; };
		D80E04D223ECAA4C00352C3E /* SavedArtViewController.swift */ = {isa = PBXFileReference; lastKnownFileType = sourcecode.swift; path = SavedArtViewController.swift; sourceTree = "<group>"; };
		D80E04D423ECAAEC00352C3E /* MainTabBarController.swift */ = {isa = PBXFileReference; lastKnownFileType = sourcecode.swift; path = MainTabBarController.swift; sourceTree = "<group>"; };
		D82FA87E23E33697005B22D4 /* ArtSpaceDos.app */ = {isa = PBXFileReference; explicitFileType = wrapper.application; includeInIndex = 0; path = ArtSpaceDos.app; sourceTree = BUILT_PRODUCTS_DIR; };
		D82FA88123E33697005B22D4 /* AppDelegate.swift */ = {isa = PBXFileReference; lastKnownFileType = sourcecode.swift; path = AppDelegate.swift; sourceTree = "<group>"; };
		D82FA88323E33697005B22D4 /* SceneDelegate.swift */ = {isa = PBXFileReference; lastKnownFileType = sourcecode.swift; path = SceneDelegate.swift; sourceTree = "<group>"; };
		D82FA88823E33697005B22D4 /* Base */ = {isa = PBXFileReference; lastKnownFileType = file.storyboard; name = Base; path = Base.lproj/Main.storyboard; sourceTree = "<group>"; };
		D82FA88A23E3369A005B22D4 /* Assets.xcassets */ = {isa = PBXFileReference; lastKnownFileType = folder.assetcatalog; path = Assets.xcassets; sourceTree = "<group>"; };
		D82FA88D23E3369A005B22D4 /* Base */ = {isa = PBXFileReference; lastKnownFileType = file.storyboard; name = Base; path = Base.lproj/LaunchScreen.storyboard; sourceTree = "<group>"; };
		D82FA88F23E3369A005B22D4 /* Info.plist */ = {isa = PBXFileReference; lastKnownFileType = text.plist.xml; path = Info.plist; sourceTree = "<group>"; };
		D82FA89823E33BED005B22D4 /* AppUser.swift */ = {isa = PBXFileReference; lastKnownFileType = sourcecode.swift; path = AppUser.swift; sourceTree = "<group>"; };
		D82FA89A23E33C12005B22D4 /* ArtObject.swift */ = {isa = PBXFileReference; lastKnownFileType = sourcecode.swift; path = ArtObject.swift; sourceTree = "<group>"; };
		D82FA8A023E33C84005B22D4 /* MainViewController.swift */ = {isa = PBXFileReference; lastKnownFileType = sourcecode.swift; path = MainViewController.swift; sourceTree = "<group>"; };
		D82FA8A223E33C9E005B22D4 /* ArtDetailViewController.swift */ = {isa = PBXFileReference; lastKnownFileType = sourcecode.swift; path = ArtDetailViewController.swift; sourceTree = "<group>"; };
		D82FA8A423E33CB1005B22D4 /* CreatePostViewController.swift */ = {isa = PBXFileReference; lastKnownFileType = sourcecode.swift; path = CreatePostViewController.swift; sourceTree = "<group>"; };
		D82FA8A723E33D1F005B22D4 /* ArtCell.swift */ = {isa = PBXFileReference; lastKnownFileType = sourcecode.swift; path = ArtCell.swift; sourceTree = "<group>"; };
		D82FA8AA23E33E49005B22D4 /* String+Validations.swift */ = {isa = PBXFileReference; lastKnownFileType = sourcecode.swift; path = "String+Validations.swift"; sourceTree = "<group>"; };
		D82FA8AF23E33EBD005B22D4 /* FirebaseAuth.swift */ = {isa = PBXFileReference; lastKnownFileType = sourcecode.swift; path = FirebaseAuth.swift; sourceTree = "<group>"; };
		D82FA8B123E33ED3005B22D4 /* FirestoreService.swift */ = {isa = PBXFileReference; lastKnownFileType = sourcecode.swift; path = FirestoreService.swift; sourceTree = "<group>"; };
		D82FA8B323E346B6005B22D4 /* UIUtilities.swift */ = {isa = PBXFileReference; lastKnownFileType = sourcecode.swift; path = UIUtilities.swift; sourceTree = "<group>"; };
		D854837D23E385D300811E6B /* GoogleService-Info.plist */ = {isa = PBXFileReference; fileEncoding = 4; lastKnownFileType = text.plist.xml; path = "GoogleService-Info.plist"; sourceTree = "<group>"; };
		D886C88623FDA15E002FA690 /* SavedArtCollectionViewCell.swift */ = {isa = PBXFileReference; lastKnownFileType = sourcecode.swift; path = SavedArtCollectionViewCell.swift; sourceTree = "<group>"; };
		FC1616FC23E8B45D00289C74 /* FirebaseStorageService.swift */ = {isa = PBXFileReference; lastKnownFileType = sourcecode.swift; path = FirebaseStorageService.swift; sourceTree = "<group>"; };
		FC1616FE23ECA03900289C74 /* ARViewController.swift */ = {isa = PBXFileReference; lastKnownFileType = sourcecode.swift; path = ARViewController.swift; sourceTree = "<group>"; };
		FC16170223FC8C6900289C74 /* ReuseIdentifiers.swift */ = {isa = PBXFileReference; lastKnownFileType = sourcecode.swift; path = ReuseIdentifiers.swift; sourceTree = "<group>"; };
		FC6D4D472416C48A00D5FB66 /* UIViewControllerExtension.swift */ = {isa = PBXFileReference; lastKnownFileType = sourcecode.swift; path = UIViewControllerExtension.swift; sourceTree = "<group>"; };
/* End PBXFileReference section */

/* Begin PBXFrameworksBuildPhase section */
		D82FA87B23E33697005B22D4 /* Frameworks */ = {
			isa = PBXFrameworksBuildPhase;
			buildActionMask = 2147483647;
			files = (
				980E16862829BDEE706D64FE /* Pods_ArtSpaceDos.framework in Frameworks */,
			);
			runOnlyForDeploymentPostprocessing = 0;
		};
/* End PBXFrameworksBuildPhase section */

/* Begin PBXGroup section */
		6C801646FBAE48EAE621CBD4 /* Pods */ = {
			isa = PBXGroup;
			children = (
				77B923EE99E9D0A580ED1304 /* Pods-ArtSpaceDos.debug.xcconfig */,
				5DD12EF2A79FB1D4CE364A52 /* Pods-ArtSpaceDos.release.xcconfig */,
			);
			path = Pods;
			sourceTree = "<group>";
		};
		CB0D6FA823FC558B0082178A /* Authentication */ = {
			isa = PBXGroup;
			children = (
				CB0D6FA923FC55A20082178A /* LoginViewController.swift */,
			);
			path = Authentication;
			sourceTree = "<group>";
		};
		D82FA87523E33697005B22D4 = {
			isa = PBXGroup;
			children = (
				D82FA88023E33697005B22D4 /* ArtSpaceDos */,
				D82FA87F23E33697005B22D4 /* Products */,
				6C801646FBAE48EAE621CBD4 /* Pods */,
				DB785ABA31F1ABD6DF5E065B /* Frameworks */,
			);
			sourceTree = "<group>";
		};
		D82FA87F23E33697005B22D4 /* Products */ = {
			isa = PBXGroup;
			children = (
				D82FA87E23E33697005B22D4 /* ArtSpaceDos.app */,
			);
			name = Products;
			sourceTree = "<group>";
		};
		D82FA88023E33697005B22D4 /* ArtSpaceDos */ = {
			isa = PBXGroup;
			children = (
				D82FA89723E33BCE005B22D4 /* Models */,
				D82FA89E23E33C41005B22D4 /* ViewControllers */,
				D82FA8AC23E33E61005B22D4 /* FirebaseHelpers */,
				D82FA8A623E33CBF005B22D4 /* SupportingFiles */,
				D82FA8B523E34A4C005B22D4 /* Utilities */,
				D82FA88123E33697005B22D4 /* AppDelegate.swift */,
				D82FA88323E33697005B22D4 /* SceneDelegate.swift */,
				D82FA88F23E3369A005B22D4 /* Info.plist */,
				D854837D23E385D300811E6B /* GoogleService-Info.plist */,
			);
			path = ArtSpaceDos;
			sourceTree = "<group>";
		};
		D82FA89723E33BCE005B22D4 /* Models */ = {
			isa = PBXGroup;
			children = (
				D82FA89823E33BED005B22D4 /* AppUser.swift */,
				D82FA89A23E33C12005B22D4 /* ArtObject.swift */,
			);
			path = Models;
			sourceTree = "<group>";
		};
		D82FA89E23E33C41005B22D4 /* ViewControllers */ = {
			isa = PBXGroup;
			children = (
				CB0D6FA823FC558B0082178A /* Authentication */,
				D82FA89F23E33C4B005B22D4 /* Cell */,
				D82FA8A023E33C84005B22D4 /* MainViewController.swift */,
				D80E04D423ECAAEC00352C3E /* MainTabBarController.swift */,
				D82FA8A223E33C9E005B22D4 /* ArtDetailViewController.swift */,
				D82FA8A423E33CB1005B22D4 /* CreatePostViewController.swift */,
				FC1616FE23ECA03900289C74 /* ARViewController.swift */,
				D80E04CE23ECAA2200352C3E /* ProfileViewController.swift */,
				D80E04D023ECAA3900352C3E /* PurchaseHistoryViewController.swift */,
				D80E04D223ECAA4C00352C3E /* SavedArtViewController.swift */,
				CBA886A323EDF40100E45D49 /* FilterViewController.swift */,
			);
			path = ViewControllers;
			sourceTree = "<group>";
		};
		D82FA89F23E33C4B005B22D4 /* Cell */ = {
			isa = PBXGroup;
			children = (
				D82FA8A723E33D1F005B22D4 /* ArtCell.swift */,
				D886C88623FDA15E002FA690 /* SavedArtCollectionViewCell.swift */,
			);
			path = Cell;
			sourceTree = "<group>";
		};
		D82FA8A623E33CBF005B22D4 /* SupportingFiles */ = {
			isa = PBXGroup;
			children = (
				D82FA88A23E3369A005B22D4 /* Assets.xcassets */,
				D82FA88723E33697005B22D4 /* Main.storyboard */,
				D82FA88C23E3369A005B22D4 /* LaunchScreen.storyboard */,
			);
			path = SupportingFiles;
			sourceTree = "<group>";
		};
		D82FA8A923E33E2E005B22D4 /* Extensions */ = {
			isa = PBXGroup;
			children = (
				D82FA8AA23E33E49005B22D4 /* String+Validations.swift */,
				CB0D6FAD23FC55EA0082178A /* GifExtension.swift */,
				FC6D4D472416C48A00D5FB66 /* UIViewControllerExtension.swift */,
			);
			path = Extensions;
			sourceTree = "<group>";
		};
		D82FA8AC23E33E61005B22D4 /* FirebaseHelpers */ = {
			isa = PBXGroup;
			children = (
				D82FA8AF23E33EBD005B22D4 /* FirebaseAuth.swift */,
				D82FA8B123E33ED3005B22D4 /* FirestoreService.swift */,
				FC1616FC23E8B45D00289C74 /* FirebaseStorageService.swift */,
			);
			path = FirebaseHelpers;
			sourceTree = "<group>";
		};
		D82FA8B523E34A4C005B22D4 /* Utilities */ = {
			isa = PBXGroup;
			children = (
				D82FA8A923E33E2E005B22D4 /* Extensions */,
				D82FA8B323E346B6005B22D4 /* UIUtilities.swift */,
				CBBEC33A23F5A13800A83FD7 /* Delegates.swift */,
				FC16170223FC8C6900289C74 /* ReuseIdentifiers.swift */,
				CB18ADE52416CCDA00A8745A /* FilterButton.swift */,
			);
			path = Utilities;
			sourceTree = "<group>";
		};
		DB785ABA31F1ABD6DF5E065B /* Frameworks */ = {
			isa = PBXGroup;
			children = (
				09A865853798F4EBF1E7D5E9 /* Pods_ArtSpaceDos.framework */,
			);
			name = Frameworks;
			sourceTree = "<group>";
		};
/* End PBXGroup section */

/* Begin PBXNativeTarget section */
		D82FA87D23E33697005B22D4 /* ArtSpaceDos */ = {
			isa = PBXNativeTarget;
			buildConfigurationList = D82FA89223E3369A005B22D4 /* Build configuration list for PBXNativeTarget "ArtSpaceDos" */;
			buildPhases = (
				44C65FE8A96D405C0B99CDCB /* [CP] Check Pods Manifest.lock */,
				D82FA87A23E33697005B22D4 /* Sources */,
				D82FA87B23E33697005B22D4 /* Frameworks */,
				D82FA87C23E33697005B22D4 /* Resources */,
				65F3C75EADDF4A0EA70E97F8 /* [CP] Embed Pods Frameworks */,
			);
			buildRules = (
			);
			dependencies = (
			);
			name = ArtSpaceDos;
			productName = ArtSpaceDos;
			productReference = D82FA87E23E33697005B22D4 /* ArtSpaceDos.app */;
			productType = "com.apple.product-type.application";
		};
/* End PBXNativeTarget section */

/* Begin PBXProject section */
		D82FA87623E33697005B22D4 /* Project object */ = {
			isa = PBXProject;
			attributes = {
				LastSwiftUpdateCheck = 1120;
				LastUpgradeCheck = 1120;
				ORGANIZATIONNAME = "Jocelyn Boyd";
				TargetAttributes = {
					D82FA87D23E33697005B22D4 = {
						CreatedOnToolsVersion = 11.2.1;
					};
				};
			};
			buildConfigurationList = D82FA87923E33697005B22D4 /* Build configuration list for PBXProject "ArtSpaceDos" */;
			compatibilityVersion = "Xcode 9.3";
			developmentRegion = en;
			hasScannedForEncodings = 0;
			knownRegions = (
				en,
				Base,
			);
			mainGroup = D82FA87523E33697005B22D4;
			productRefGroup = D82FA87F23E33697005B22D4 /* Products */;
			projectDirPath = "";
			projectRoot = "";
			targets = (
				D82FA87D23E33697005B22D4 /* ArtSpaceDos */,
			);
		};
/* End PBXProject section */

/* Begin PBXResourcesBuildPhase section */
		D82FA87C23E33697005B22D4 /* Resources */ = {
			isa = PBXResourcesBuildPhase;
			buildActionMask = 2147483647;
			files = (
				D82FA88E23E3369A005B22D4 /* LaunchScreen.storyboard in Resources */,
				D854837E23E385D300811E6B /* GoogleService-Info.plist in Resources */,
				D82FA88B23E3369A005B22D4 /* Assets.xcassets in Resources */,
				D82FA88923E33697005B22D4 /* Main.storyboard in Resources */,
			);
			runOnlyForDeploymentPostprocessing = 0;
		};
/* End PBXResourcesBuildPhase section */

/* Begin PBXShellScriptBuildPhase section */
		44C65FE8A96D405C0B99CDCB /* [CP] Check Pods Manifest.lock */ = {
			isa = PBXShellScriptBuildPhase;
			buildActionMask = 2147483647;
			files = (
			);
			inputFileListPaths = (
			);
			inputPaths = (
				"${PODS_PODFILE_DIR_PATH}/Podfile.lock",
				"${PODS_ROOT}/Manifest.lock",
			);
			name = "[CP] Check Pods Manifest.lock";
			outputFileListPaths = (
			);
			outputPaths = (
				"$(DERIVED_FILE_DIR)/Pods-ArtSpaceDos-checkManifestLockResult.txt",
			);
			runOnlyForDeploymentPostprocessing = 0;
			shellPath = /bin/sh;
			shellScript = "diff \"${PODS_PODFILE_DIR_PATH}/Podfile.lock\" \"${PODS_ROOT}/Manifest.lock\" > /dev/null\nif [ $? != 0 ] ; then\n    # print error to STDERR\n    echo \"error: The sandbox is not in sync with the Podfile.lock. Run 'pod install' or update your CocoaPods installation.\" >&2\n    exit 1\nfi\n# This output is used by Xcode 'outputs' to avoid re-running this script phase.\necho \"SUCCESS\" > \"${SCRIPT_OUTPUT_FILE_0}\"\n";
			showEnvVarsInLog = 0;
		};
		65F3C75EADDF4A0EA70E97F8 /* [CP] Embed Pods Frameworks */ = {
			isa = PBXShellScriptBuildPhase;
			buildActionMask = 2147483647;
			files = (
			);
			inputFileListPaths = (
				"${PODS_ROOT}/Target Support Files/Pods-ArtSpaceDos/Pods-ArtSpaceDos-frameworks-${CONFIGURATION}-input-files.xcfilelist",
			);
			name = "[CP] Embed Pods Frameworks";
			outputFileListPaths = (
				"${PODS_ROOT}/Target Support Files/Pods-ArtSpaceDos/Pods-ArtSpaceDos-frameworks-${CONFIGURATION}-output-files.xcfilelist",
			);
			runOnlyForDeploymentPostprocessing = 0;
			shellPath = /bin/sh;
			shellScript = "\"${PODS_ROOT}/Target Support Files/Pods-ArtSpaceDos/Pods-ArtSpaceDos-frameworks.sh\"\n";
			showEnvVarsInLog = 0;
		};
/* End PBXShellScriptBuildPhase section */

/* Begin PBXSourcesBuildPhase section */
		D82FA87A23E33697005B22D4 /* Sources */ = {
			isa = PBXSourcesBuildPhase;
			buildActionMask = 2147483647;
			files = (
				CB0D6FAE23FC55EA0082178A /* GifExtension.swift in Sources */,
				CB0D6FAA23FC55A20082178A /* LoginViewController.swift in Sources */,
				D82FA8A523E33CB1005B22D4 /* CreatePostViewController.swift in Sources */,
				D82FA8A323E33C9E005B22D4 /* ArtDetailViewController.swift in Sources */,
				D82FA8B223E33ED3005B22D4 /* FirestoreService.swift in Sources */,
				D82FA8B023E33EBD005B22D4 /* FirebaseAuth.swift in Sources */,
				FC1616FD23E8B45D00289C74 /* FirebaseStorageService.swift in Sources */,
				D82FA89923E33BED005B22D4 /* AppUser.swift in Sources */,
				D80E04D323ECAA4C00352C3E /* SavedArtViewController.swift in Sources */,
				D82FA8A123E33C84005B22D4 /* MainViewController.swift in Sources */,
				FC1616FF23ECA03900289C74 /* ARViewController.swift in Sources */,
				D82FA89B23E33C12005B22D4 /* ArtObject.swift in Sources */,
				D82FA88223E33697005B22D4 /* AppDelegate.swift in Sources */,
				D80E04CF23ECAA2200352C3E /* ProfileViewController.swift in Sources */,
				CBA886A423EDF40100E45D49 /* FilterViewController.swift in Sources */,
				D886C88723FDA15E002FA690 /* SavedArtCollectionViewCell.swift in Sources */,
				D82FA88423E33697005B22D4 /* SceneDelegate.swift in Sources */,
				CB18ADE62416CCDA00A8745A /* FilterButton.swift in Sources */,
				D82FA8A823E33D1F005B22D4 /* ArtCell.swift in Sources */,
				D82FA8B423E346B6005B22D4 /* UIUtilities.swift in Sources */,
				CBBEC33B23F5A13800A83FD7 /* Delegates.swift in Sources */,
				FC16170323FC8C6900289C74 /* ReuseIdentifiers.swift in Sources */,
				FC6D4D482416C48B00D5FB66 /* UIViewControllerExtension.swift in Sources */,
				D80E04D123ECAA3900352C3E /* PurchaseHistoryViewController.swift in Sources */,
				D82FA8AB23E33E49005B22D4 /* String+Validations.swift in Sources */,
				D80E04D523ECAAEC00352C3E /* MainTabBarController.swift in Sources */,
			);
			runOnlyForDeploymentPostprocessing = 0;
		};
/* End PBXSourcesBuildPhase section */

/* Begin PBXVariantGroup section */
		D82FA88723E33697005B22D4 /* Main.storyboard */ = {
			isa = PBXVariantGroup;
			children = (
				D82FA88823E33697005B22D4 /* Base */,
			);
			name = Main.storyboard;
			sourceTree = "<group>";
		};
		D82FA88C23E3369A005B22D4 /* LaunchScreen.storyboard */ = {
			isa = PBXVariantGroup;
			children = (
				D82FA88D23E3369A005B22D4 /* Base */,
			);
			name = LaunchScreen.storyboard;
			sourceTree = "<group>";
		};
/* End PBXVariantGroup section */

/* Begin XCBuildConfiguration section */
		D82FA89023E3369A005B22D4 /* Debug */ = {
			isa = XCBuildConfiguration;
			buildSettings = {
				ALWAYS_SEARCH_USER_PATHS = NO;
				CLANG_ANALYZER_NONNULL = YES;
				CLANG_ANALYZER_NUMBER_OBJECT_CONVERSION = YES_AGGRESSIVE;
				CLANG_CXX_LANGUAGE_STANDARD = "gnu++14";
				CLANG_CXX_LIBRARY = "libc++";
				CLANG_ENABLE_MODULES = YES;
				CLANG_ENABLE_OBJC_ARC = YES;
				CLANG_ENABLE_OBJC_WEAK = YES;
				CLANG_WARN_BLOCK_CAPTURE_AUTORELEASING = YES;
				CLANG_WARN_BOOL_CONVERSION = YES;
				CLANG_WARN_COMMA = YES;
				CLANG_WARN_CONSTANT_CONVERSION = YES;
				CLANG_WARN_DEPRECATED_OBJC_IMPLEMENTATIONS = YES;
				CLANG_WARN_DIRECT_OBJC_ISA_USAGE = YES_ERROR;
				CLANG_WARN_DOCUMENTATION_COMMENTS = YES;
				CLANG_WARN_EMPTY_BODY = YES;
				CLANG_WARN_ENUM_CONVERSION = YES;
				CLANG_WARN_INFINITE_RECURSION = YES;
				CLANG_WARN_INT_CONVERSION = YES;
				CLANG_WARN_NON_LITERAL_NULL_CONVERSION = YES;
				CLANG_WARN_OBJC_IMPLICIT_RETAIN_SELF = YES;
				CLANG_WARN_OBJC_LITERAL_CONVERSION = YES;
				CLANG_WARN_OBJC_ROOT_CLASS = YES_ERROR;
				CLANG_WARN_RANGE_LOOP_ANALYSIS = YES;
				CLANG_WARN_STRICT_PROTOTYPES = YES;
				CLANG_WARN_SUSPICIOUS_MOVE = YES;
				CLANG_WARN_UNGUARDED_AVAILABILITY = YES_AGGRESSIVE;
				CLANG_WARN_UNREACHABLE_CODE = YES;
				CLANG_WARN__DUPLICATE_METHOD_MATCH = YES;
				COPY_PHASE_STRIP = NO;
				DEBUG_INFORMATION_FORMAT = dwarf;
				ENABLE_STRICT_OBJC_MSGSEND = YES;
				ENABLE_TESTABILITY = YES;
				GCC_C_LANGUAGE_STANDARD = gnu11;
				GCC_DYNAMIC_NO_PIC = NO;
				GCC_NO_COMMON_BLOCKS = YES;
				GCC_OPTIMIZATION_LEVEL = 0;
				GCC_PREPROCESSOR_DEFINITIONS = (
					"DEBUG=1",
					"$(inherited)",
				);
				GCC_WARN_64_TO_32_BIT_CONVERSION = YES;
				GCC_WARN_ABOUT_RETURN_TYPE = YES_ERROR;
				GCC_WARN_UNDECLARED_SELECTOR = YES;
				GCC_WARN_UNINITIALIZED_AUTOS = YES_AGGRESSIVE;
				GCC_WARN_UNUSED_FUNCTION = YES;
				GCC_WARN_UNUSED_VARIABLE = YES;
				IPHONEOS_DEPLOYMENT_TARGET = 13.2;
				MTL_ENABLE_DEBUG_INFO = INCLUDE_SOURCE;
				MTL_FAST_MATH = YES;
				ONLY_ACTIVE_ARCH = YES;
				SDKROOT = iphoneos;
				SWIFT_ACTIVE_COMPILATION_CONDITIONS = DEBUG;
				SWIFT_OPTIMIZATION_LEVEL = "-Onone";
			};
			name = Debug;
		};
		D82FA89123E3369A005B22D4 /* Release */ = {
			isa = XCBuildConfiguration;
			buildSettings = {
				ALWAYS_SEARCH_USER_PATHS = NO;
				CLANG_ANALYZER_NONNULL = YES;
				CLANG_ANALYZER_NUMBER_OBJECT_CONVERSION = YES_AGGRESSIVE;
				CLANG_CXX_LANGUAGE_STANDARD = "gnu++14";
				CLANG_CXX_LIBRARY = "libc++";
				CLANG_ENABLE_MODULES = YES;
				CLANG_ENABLE_OBJC_ARC = YES;
				CLANG_ENABLE_OBJC_WEAK = YES;
				CLANG_WARN_BLOCK_CAPTURE_AUTORELEASING = YES;
				CLANG_WARN_BOOL_CONVERSION = YES;
				CLANG_WARN_COMMA = YES;
				CLANG_WARN_CONSTANT_CONVERSION = YES;
				CLANG_WARN_DEPRECATED_OBJC_IMPLEMENTATIONS = YES;
				CLANG_WARN_DIRECT_OBJC_ISA_USAGE = YES_ERROR;
				CLANG_WARN_DOCUMENTATION_COMMENTS = YES;
				CLANG_WARN_EMPTY_BODY = YES;
				CLANG_WARN_ENUM_CONVERSION = YES;
				CLANG_WARN_INFINITE_RECURSION = YES;
				CLANG_WARN_INT_CONVERSION = YES;
				CLANG_WARN_NON_LITERAL_NULL_CONVERSION = YES;
				CLANG_WARN_OBJC_IMPLICIT_RETAIN_SELF = YES;
				CLANG_WARN_OBJC_LITERAL_CONVERSION = YES;
				CLANG_WARN_OBJC_ROOT_CLASS = YES_ERROR;
				CLANG_WARN_RANGE_LOOP_ANALYSIS = YES;
				CLANG_WARN_STRICT_PROTOTYPES = YES;
				CLANG_WARN_SUSPICIOUS_MOVE = YES;
				CLANG_WARN_UNGUARDED_AVAILABILITY = YES_AGGRESSIVE;
				CLANG_WARN_UNREACHABLE_CODE = YES;
				CLANG_WARN__DUPLICATE_METHOD_MATCH = YES;
				COPY_PHASE_STRIP = NO;
				DEBUG_INFORMATION_FORMAT = "dwarf-with-dsym";
				ENABLE_NS_ASSERTIONS = NO;
				ENABLE_STRICT_OBJC_MSGSEND = YES;
				GCC_C_LANGUAGE_STANDARD = gnu11;
				GCC_NO_COMMON_BLOCKS = YES;
				GCC_WARN_64_TO_32_BIT_CONVERSION = YES;
				GCC_WARN_ABOUT_RETURN_TYPE = YES_ERROR;
				GCC_WARN_UNDECLARED_SELECTOR = YES;
				GCC_WARN_UNINITIALIZED_AUTOS = YES_AGGRESSIVE;
				GCC_WARN_UNUSED_FUNCTION = YES;
				GCC_WARN_UNUSED_VARIABLE = YES;
				IPHONEOS_DEPLOYMENT_TARGET = 13.2;
				MTL_ENABLE_DEBUG_INFO = NO;
				MTL_FAST_MATH = YES;
				SDKROOT = iphoneos;
				SWIFT_COMPILATION_MODE = wholemodule;
				SWIFT_OPTIMIZATION_LEVEL = "-O";
				VALIDATE_PRODUCT = YES;
			};
			name = Release;
		};
		D82FA89323E3369A005B22D4 /* Debug */ = {
			isa = XCBuildConfiguration;
			baseConfigurationReference = 77B923EE99E9D0A580ED1304 /* Pods-ArtSpaceDos.debug.xcconfig */;
			buildSettings = {
				ASSETCATALOG_COMPILER_APPICON_NAME = AppIcon;
				CODE_SIGN_STYLE = Automatic;
				DEVELOPMENT_TEAM = QNT8W8WL29;
				INFOPLIST_FILE = ArtSpaceDos/Info.plist;
				IPHONEOS_DEPLOYMENT_TARGET = 13.0;
				LD_RUNPATH_SEARCH_PATHS = (
					"$(inherited)",
					"@executable_path/Frameworks",
				);
				PRODUCT_BUNDLE_IDENTIFIER = Levi.ArtSpacePrototype;
				PRODUCT_NAME = "$(TARGET_NAME)";
				SWIFT_VERSION = 5.0;
				TARGETED_DEVICE_FAMILY = "1,2";
			};
			name = Debug;
		};
		D82FA89423E3369A005B22D4 /* Release */ = {
			isa = XCBuildConfiguration;
			baseConfigurationReference = 5DD12EF2A79FB1D4CE364A52 /* Pods-ArtSpaceDos.release.xcconfig */;
			buildSettings = {
				ASSETCATALOG_COMPILER_APPICON_NAME = AppIcon;
				CODE_SIGN_STYLE = Automatic;
				DEVELOPMENT_TEAM = QNT8W8WL29;
				INFOPLIST_FILE = ArtSpaceDos/Info.plist;
				IPHONEOS_DEPLOYMENT_TARGET = 13.0;
				LD_RUNPATH_SEARCH_PATHS = (
					"$(inherited)",
					"@executable_path/Frameworks",
				);
				PRODUCT_BUNDLE_IDENTIFIER = Levi.ArtSpacePrototype;
				PRODUCT_NAME = "$(TARGET_NAME)";
				SWIFT_VERSION = 5.0;
				TARGETED_DEVICE_FAMILY = "1,2";
			};
			name = Release;
		};
/* End XCBuildConfiguration section */

/* Begin XCConfigurationList section */
		D82FA87923E33697005B22D4 /* Build configuration list for PBXProject "ArtSpaceDos" */ = {
			isa = XCConfigurationList;
			buildConfigurations = (
				D82FA89023E3369A005B22D4 /* Debug */,
				D82FA89123E3369A005B22D4 /* Release */,
			);
			defaultConfigurationIsVisible = 0;
			defaultConfigurationName = Release;
		};
		D82FA89223E3369A005B22D4 /* Build configuration list for PBXNativeTarget "ArtSpaceDos" */ = {
			isa = XCConfigurationList;
			buildConfigurations = (
				D82FA89323E3369A005B22D4 /* Debug */,
				D82FA89423E3369A005B22D4 /* Release */,
			);
			defaultConfigurationIsVisible = 0;
			defaultConfigurationName = Release;
		};
/* End XCConfigurationList section */
	};
	rootObject = D82FA87623E33697005B22D4 /* Project object */;
}
