// !$*UTF8*$!
{
	archiveVersion = 1;
	classes = {
	};
	objectVersion = 51;
	objects = {

/* Begin PBXBuildFile section */
		6CC7ADAFABF30C52B2FAFCA8 /* Pods_ArtSpaceDos.framework in Frameworks */ = {isa = PBXBuildFile; fileRef = ECE1012DF3EA2C67857EE2ED /* Pods_ArtSpaceDos.framework */; };
		D82FA88223E33697005B22D4 /* AppDelegate.swift in Sources */ = {isa = PBXBuildFile; fileRef = D82FA88123E33697005B22D4 /* AppDelegate.swift */; };
		D82FA88423E33697005B22D4 /* SceneDelegate.swift in Sources */ = {isa = PBXBuildFile; fileRef = D82FA88323E33697005B22D4 /* SceneDelegate.swift */; };
		D82FA88923E33697005B22D4 /* Main.storyboard in Resources */ = {isa = PBXBuildFile; fileRef = D82FA88723E33697005B22D4 /* Main.storyboard */; };
		D82FA88B23E3369A005B22D4 /* Assets.xcassets in Resources */ = {isa = PBXBuildFile; fileRef = D82FA88A23E3369A005B22D4 /* Assets.xcassets */; };
		D82FA88E23E3369A005B22D4 /* LaunchScreen.storyboard in Resources */ = {isa = PBXBuildFile; fileRef = D82FA88C23E3369A005B22D4 /* LaunchScreen.storyboard */; };
		D82FA89623E33BC2005B22D4 /* GoogleService-Info.plist in Resources */ = {isa = PBXBuildFile; fileRef = D82FA89523E33BC2005B22D4 /* GoogleService-Info.plist */; };
		D82FA89923E33BED005B22D4 /* AppUser.swift in Sources */ = {isa = PBXBuildFile; fileRef = D82FA89823E33BED005B22D4 /* AppUser.swift */; };
		D82FA89B23E33C12005B22D4 /* ArtObject.swift in Sources */ = {isa = PBXBuildFile; fileRef = D82FA89A23E33C12005B22D4 /* ArtObject.swift */; };
		D82FA8A123E33C84005B22D4 /* MainVC.swift in Sources */ = {isa = PBXBuildFile; fileRef = D82FA8A023E33C84005B22D4 /* MainVC.swift */; };
		D82FA8A323E33C9E005B22D4 /* ArtDetailVC.swift in Sources */ = {isa = PBXBuildFile; fileRef = D82FA8A223E33C9E005B22D4 /* ArtDetailVC.swift */; };
		D82FA8A523E33CB1005B22D4 /* CreatePostVC.swift in Sources */ = {isa = PBXBuildFile; fileRef = D82FA8A423E33CB1005B22D4 /* CreatePostVC.swift */; };
		D82FA8A823E33D1F005B22D4 /* ArtCell.swift in Sources */ = {isa = PBXBuildFile; fileRef = D82FA8A723E33D1F005B22D4 /* ArtCell.swift */; };
		D82FA8AB23E33E49005B22D4 /* String+Validations.swift in Sources */ = {isa = PBXBuildFile; fileRef = D82FA8AA23E33E49005B22D4 /* String+Validations.swift */; };
		D82FA8B023E33EBD005B22D4 /* FirebaseAuth.swift in Sources */ = {isa = PBXBuildFile; fileRef = D82FA8AF23E33EBD005B22D4 /* FirebaseAuth.swift */; };
		D82FA8B223E33ED3005B22D4 /* FirebaseService.swift in Sources */ = {isa = PBXBuildFile; fileRef = D82FA8B123E33ED3005B22D4 /* FirebaseService.swift */; };
		D82FA8B423E346B6005B22D4 /* UIUtilities.swift in Sources */ = {isa = PBXBuildFile; fileRef = D82FA8B323E346B6005B22D4 /* UIUtilities.swift */; };
/* End PBXBuildFile section */

/* Begin PBXFileReference section */
		0E40CA08D5E200C85CD7AE45 /* Pods-ArtSpaceDos.release.xcconfig */ = {isa = PBXFileReference; includeInIndex = 1; lastKnownFileType = text.xcconfig; name = "Pods-ArtSpaceDos.release.xcconfig"; path = "Target Support Files/Pods-ArtSpaceDos/Pods-ArtSpaceDos.release.xcconfig"; sourceTree = "<group>"; };
		A7E28B1BF34ABBC63718BE6C /* Pods-ArtSpaceDos.debug.xcconfig */ = {isa = PBXFileReference; includeInIndex = 1; lastKnownFileType = text.xcconfig; name = "Pods-ArtSpaceDos.debug.xcconfig"; path = "Target Support Files/Pods-ArtSpaceDos/Pods-ArtSpaceDos.debug.xcconfig"; sourceTree = "<group>"; };
		D82FA87E23E33697005B22D4 /* ArtSpaceDos.app */ = {isa = PBXFileReference; explicitFileType = wrapper.application; includeInIndex = 0; path = ArtSpaceDos.app; sourceTree = BUILT_PRODUCTS_DIR; };
		D82FA88123E33697005B22D4 /* AppDelegate.swift */ = {isa = PBXFileReference; lastKnownFileType = sourcecode.swift; path = AppDelegate.swift; sourceTree = "<group>"; };
		D82FA88323E33697005B22D4 /* SceneDelegate.swift */ = {isa = PBXFileReference; lastKnownFileType = sourcecode.swift; path = SceneDelegate.swift; sourceTree = "<group>"; };
		D82FA88823E33697005B22D4 /* Base */ = {isa = PBXFileReference; lastKnownFileType = file.storyboard; name = Base; path = Base.lproj/Main.storyboard; sourceTree = "<group>"; };
		D82FA88A23E3369A005B22D4 /* Assets.xcassets */ = {isa = PBXFileReference; lastKnownFileType = folder.assetcatalog; path = Assets.xcassets; sourceTree = "<group>"; };
		D82FA88D23E3369A005B22D4 /* Base */ = {isa = PBXFileReference; lastKnownFileType = file.storyboard; name = Base; path = Base.lproj/LaunchScreen.storyboard; sourceTree = "<group>"; };
		D82FA88F23E3369A005B22D4 /* Info.plist */ = {isa = PBXFileReference; lastKnownFileType = text.plist.xml; path = Info.plist; sourceTree = "<group>"; };
		D82FA89523E33BC2005B22D4 /* GoogleService-Info.plist */ = {isa = PBXFileReference; fileEncoding = 4; lastKnownFileType = text.plist.xml; path = "GoogleService-Info.plist"; sourceTree = "<group>"; };
		D82FA89823E33BED005B22D4 /* AppUser.swift */ = {isa = PBXFileReference; lastKnownFileType = sourcecode.swift; path = AppUser.swift; sourceTree = "<group>"; };
		D82FA89A23E33C12005B22D4 /* ArtObject.swift */ = {isa = PBXFileReference; lastKnownFileType = sourcecode.swift; path = ArtObject.swift; sourceTree = "<group>"; };
		D82FA8A023E33C84005B22D4 /* MainVC.swift */ = {isa = PBXFileReference; lastKnownFileType = sourcecode.swift; path = MainVC.swift; sourceTree = "<group>"; };
		D82FA8A223E33C9E005B22D4 /* ArtDetailVC.swift */ = {isa = PBXFileReference; lastKnownFileType = sourcecode.swift; path = ArtDetailVC.swift; sourceTree = "<group>"; };
		D82FA8A423E33CB1005B22D4 /* CreatePostVC.swift */ = {isa = PBXFileReference; lastKnownFileType = sourcecode.swift; path = CreatePostVC.swift; sourceTree = "<group>"; };
		D82FA8A723E33D1F005B22D4 /* ArtCell.swift */ = {isa = PBXFileReference; lastKnownFileType = sourcecode.swift; path = ArtCell.swift; sourceTree = "<group>"; };
		D82FA8AA23E33E49005B22D4 /* String+Validations.swift */ = {isa = PBXFileReference; lastKnownFileType = sourcecode.swift; path = "String+Validations.swift"; sourceTree = "<group>"; };
		D82FA8AF23E33EBD005B22D4 /* FirebaseAuth.swift */ = {isa = PBXFileReference; lastKnownFileType = sourcecode.swift; path = FirebaseAuth.swift; sourceTree = "<group>"; };
		D82FA8B123E33ED3005B22D4 /* FirebaseService.swift */ = {isa = PBXFileReference; lastKnownFileType = sourcecode.swift; path = FirebaseService.swift; sourceTree = "<group>"; };
		D82FA8B323E346B6005B22D4 /* UIUtilities.swift */ = {isa = PBXFileReference; lastKnownFileType = sourcecode.swift; path = UIUtilities.swift; sourceTree = "<group>"; };
		ECE1012DF3EA2C67857EE2ED /* Pods_ArtSpaceDos.framework */ = {isa = PBXFileReference; explicitFileType = wrapper.framework; includeInIndex = 0; path = Pods_ArtSpaceDos.framework; sourceTree = BUILT_PRODUCTS_DIR; };
/* End PBXFileReference section */

/* Begin PBXFrameworksBuildPhase section */
		D82FA87B23E33697005B22D4 /* Frameworks */ = {
			isa = PBXFrameworksBuildPhase;
			buildActionMask = 2147483647;
			files = (
				6CC7ADAFABF30C52B2FAFCA8 /* Pods_ArtSpaceDos.framework in Frameworks */,
			);
			runOnlyForDeploymentPostprocessing = 0;
		};
/* End PBXFrameworksBuildPhase section */

/* Begin PBXGroup section */
		33ECC2CC31A56F38D4FC9CA3 /* Frameworks */ = {
			isa = PBXGroup;
			children = (
				ECE1012DF3EA2C67857EE2ED /* Pods_ArtSpaceDos.framework */,
			);
			name = Frameworks;
			sourceTree = "<group>";
		};
		6C801646FBAE48EAE621CBD4 /* Pods */ = {
			isa = PBXGroup;
			children = (
				A7E28B1BF34ABBC63718BE6C /* Pods-ArtSpaceDos.debug.xcconfig */,
				0E40CA08D5E200C85CD7AE45 /* Pods-ArtSpaceDos.release.xcconfig */,
			);
			path = Pods;
			sourceTree = "<group>";
		};
		D82FA87523E33697005B22D4 = {
			isa = PBXGroup;
			children = (
				D82FA88023E33697005B22D4 /* ArtSpaceDos */,
				D82FA87F23E33697005B22D4 /* Products */,
				6C801646FBAE48EAE621CBD4 /* Pods */,
				33ECC2CC31A56F38D4FC9CA3 /* Frameworks */,
			);
			sourceTree = "<group>";
		};
		D82FA87F23E33697005B22D4 /* Products */ = {
			isa = PBXGroup;
			children = (
				D82FA87E23E33697005B22D4 /* ArtSpaceDos.app */,
			);
			name = Products;
			sourceTree = "<group>";
		};
		D82FA88023E33697005B22D4 /* ArtSpaceDos */ = {
			isa = PBXGroup;
			children = (
				D82FA89723E33BCE005B22D4 /* Models */,
				D82FA89E23E33C41005B22D4 /* ViewControllers */,
				D82FA8AC23E33E61005B22D4 /* FirebaseHelpers */,
				D82FA8A623E33CBF005B22D4 /* SupportingFiles */,
				D82FA8B523E34A4C005B22D4 /* Utilities */,
				D82FA88123E33697005B22D4 /* AppDelegate.swift */,
				D82FA88323E33697005B22D4 /* SceneDelegate.swift */,
				D82FA88F23E3369A005B22D4 /* Info.plist */,
				D82FA89523E33BC2005B22D4 /* GoogleService-Info.plist */,
			);
			path = ArtSpaceDos;
			sourceTree = "<group>";
		};
		D82FA89723E33BCE005B22D4 /* Models */ = {
			isa = PBXGroup;
			children = (
				D82FA89823E33BED005B22D4 /* AppUser.swift */,
				D82FA89A23E33C12005B22D4 /* ArtObject.swift */,
			);
			path = Models;
			sourceTree = "<group>";
		};
		D82FA89E23E33C41005B22D4 /* ViewControllers */ = {
			isa = PBXGroup;
			children = (
				D82FA89F23E33C4B005B22D4 /* Cell */,
				D82FA8A023E33C84005B22D4 /* MainVC.swift */,
				D82FA8A223E33C9E005B22D4 /* ArtDetailVC.swift */,
				D82FA8A423E33CB1005B22D4 /* CreatePostVC.swift */,
			);
			path = ViewControllers;
			sourceTree = "<group>";
		};
		D82FA89F23E33C4B005B22D4 /* Cell */ = {
			isa = PBXGroup;
			children = (
				D82FA8A723E33D1F005B22D4 /* ArtCell.swift */,
			);
			path = Cell;
			sourceTree = "<group>";
		};
		D82FA8A623E33CBF005B22D4 /* SupportingFiles */ = {
			isa = PBXGroup;
			children = (
				D82FA88A23E3369A005B22D4 /* Assets.xcassets */,
				D82FA88723E33697005B22D4 /* Main.storyboard */,
				D82FA88C23E3369A005B22D4 /* LaunchScreen.storyboard */,
			);
			path = SupportingFiles;
			sourceTree = "<group>";
		};
		D82FA8A923E33E2E005B22D4 /* Extensions */ = {
			isa = PBXGroup;
			children = (
				D82FA8AA23E33E49005B22D4 /* String+Validations.swift */,
			);
			path = Extensions;
			sourceTree = "<group>";
		};
		D82FA8AC23E33E61005B22D4 /* FirebaseHelpers */ = {
			isa = PBXGroup;
			children = (
				D82FA8AF23E33EBD005B22D4 /* FirebaseAuth.swift */,
				D82FA8B123E33ED3005B22D4 /* FirebaseService.swift */,
			);
			path = FirebaseHelpers;
			sourceTree = "<group>";
		};
		D82FA8B523E34A4C005B22D4 /* Utilities */ = {
			isa = PBXGroup;
			children = (
				D82FA8B323E346B6005B22D4 /* UIUtilities.swift */,
				D82FA8A923E33E2E005B22D4 /* Extensions */,
			);
			path = Utilities;
			sourceTree = "<group>";
		};
/* End PBXGroup section */

/* Begin PBXNativeTarget section */
		D82FA87D23E33697005B22D4 /* ArtSpaceDos */ = {
			isa = PBXNativeTarget;
			buildConfigurationList = D82FA89223E3369A005B22D4 /* Build configuration list for PBXNativeTarget "ArtSpaceDos" */;
			buildPhases = (
				D3DE1EB7F8FFBCEC60BF050E /* [CP] Check Pods Manifest.lock */,
				D82FA87A23E33697005B22D4 /* Sources */,
				D82FA87B23E33697005B22D4 /* Frameworks */,
				D82FA87C23E33697005B22D4 /* Resources */,
				5447D3F24E4ADBA7BA427081 /* [CP] Embed Pods Frameworks */,
			);
			buildRules = (
			);
			dependencies = (
			);
			name = ArtSpaceDos;
			productName = ArtSpaceDos;
			productReference = D82FA87E23E33697005B22D4 /* ArtSpaceDos.app */;
			productType = "com.apple.product-type.application";
		};
/* End PBXNativeTarget section */

/* Begin PBXProject section */
		D82FA87623E33697005B22D4 /* Project object */ = {
			isa = PBXProject;
			attributes = {
				LastSwiftUpdateCheck = 1120;
				LastUpgradeCheck = 1120;
				ORGANIZATIONNAME = "Jocelyn Boyd";
				TargetAttributes = {
					D82FA87D23E33697005B22D4 = {
						CreatedOnToolsVersion = 11.2.1;
					};
				};
			};
			buildConfigurationList = D82FA87923E33697005B22D4 /* Build configuration list for PBXProject "ArtSpaceDos" */;
			compatibilityVersion = "Xcode 9.3";
			developmentRegion = en;
			hasScannedForEncodings = 0;
			knownRegions = (
				en,
				Base,
			);
			mainGroup = D82FA87523E33697005B22D4;
			productRefGroup = D82FA87F23E33697005B22D4 /* Products */;
			projectDirPath = "";
			projectRoot = "";
			targets = (
				D82FA87D23E33697005B22D4 /* ArtSpaceDos */,
			);
		};
/* End PBXProject section */

/* Begin PBXResourcesBuildPhase section */
		D82FA87C23E33697005B22D4 /* Resources */ = {
			isa = PBXResourcesBuildPhase;
			buildActionMask = 2147483647;
			files = (
				D82FA88E23E3369A005B22D4 /* LaunchScreen.storyboard in Resources */,
				D82FA89623E33BC2005B22D4 /* GoogleService-Info.plist in Resources */,
				D82FA88B23E3369A005B22D4 /* Assets.xcassets in Resources */,
				D82FA88923E33697005B22D4 /* Main.storyboard in Resources */,
			);
			runOnlyForDeploymentPostprocessing = 0;
		};
/* End PBXResourcesBuildPhase section */

/* Begin PBXShellScriptBuildPhase section */
		5447D3F24E4ADBA7BA427081 /* [CP] Embed Pods Frameworks */ = {
			isa = PBXShellScriptBuildPhase;
			buildActionMask = 2147483647;
			files = (
			);
			inputFileListPaths = (
				"${PODS_ROOT}/Target Support Files/Pods-ArtSpaceDos/Pods-ArtSpaceDos-frameworks-${CONFIGURATION}-input-files.xcfilelist",
			);
			name = "[CP] Embed Pods Frameworks";
			outputFileListPaths = (
				"${PODS_ROOT}/Target Support Files/Pods-ArtSpaceDos/Pods-ArtSpaceDos-frameworks-${CONFIGURATION}-output-files.xcfilelist",
			);
			runOnlyForDeploymentPostprocessing = 0;
			shellPath = /bin/sh;
			shellScript = "\"${PODS_ROOT}/Target Support Files/Pods-ArtSpaceDos/Pods-ArtSpaceDos-frameworks.sh\"\n";
			showEnvVarsInLog = 0;
		};
		D3DE1EB7F8FFBCEC60BF050E /* [CP] Check Pods Manifest.lock */ = {
			isa = PBXShellScriptBuildPhase;
			buildActionMask = 2147483647;
			files = (
			);
			inputFileListPaths = (
			);
			inputPaths = (
				"${PODS_PODFILE_DIR_PATH}/Podfile.lock",
				"${PODS_ROOT}/Manifest.lock",
			);
			name = "[CP] Check Pods Manifest.lock";
			outputFileListPaths = (
			);
			outputPaths = (
				"$(DERIVED_FILE_DIR)/Pods-ArtSpaceDos-checkManifestLockResult.txt",
			);
			runOnlyForDeploymentPostprocessing = 0;
			shellPath = /bin/sh;
			shellScript = "diff \"${PODS_PODFILE_DIR_PATH}/Podfile.lock\" \"${PODS_ROOT}/Manifest.lock\" > /dev/null\nif [ $? != 0 ] ; then\n    # print error to STDERR\n    echo \"error: The sandbox is not in sync with the Podfile.lock. Run 'pod install' or update your CocoaPods installation.\" >&2\n    exit 1\nfi\n# This output is used by Xcode 'outputs' to avoid re-running this script phase.\necho \"SUCCESS\" > \"${SCRIPT_OUTPUT_FILE_0}\"\n";
			showEnvVarsInLog = 0;
		};
/* End PBXShellScriptBuildPhase section */

/* Begin PBXSourcesBuildPhase section */
		D82FA87A23E33697005B22D4 /* Sources */ = {
			isa = PBXSourcesBuildPhase;
			buildActionMask = 2147483647;
			files = (
				D82FA8A523E33CB1005B22D4 /* CreatePostVC.swift in Sources */,
				D82FA8A323E33C9E005B22D4 /* ArtDetailVC.swift in Sources */,
				D82FA8B223E33ED3005B22D4 /* FirebaseService.swift in Sources */,
				D82FA8B023E33EBD005B22D4 /* FirebaseAuth.swift in Sources */,
				D82FA89923E33BED005B22D4 /* AppUser.swift in Sources */,
				D82FA8A123E33C84005B22D4 /* MainVC.swift in Sources */,
				D82FA89B23E33C12005B22D4 /* ArtObject.swift in Sources */,
				D82FA88223E33697005B22D4 /* AppDelegate.swift in Sources */,
				D82FA88423E33697005B22D4 /* SceneDelegate.swift in Sources */,
				D82FA8A823E33D1F005B22D4 /* ArtCell.swift in Sources */,
				D82FA8B423E346B6005B22D4 /* UIUtilities.swift in Sources */,
				D82FA8AB23E33E49005B22D4 /* String+Validations.swift in Sources */,
			);
			runOnlyForDeploymentPostprocessing = 0;
		};
/* End PBXSourcesBuildPhase section */

/* Begin PBXVariantGroup section */
		D82FA88723E33697005B22D4 /* Main.storyboard */ = {
			isa = PBXVariantGroup;
			children = (
				D82FA88823E33697005B22D4 /* Base */,
			);
			name = Main.storyboard;
			sourceTree = "<group>";
		};
		D82FA88C23E3369A005B22D4 /* LaunchScreen.storyboard */ = {
			isa = PBXVariantGroup;
			children = (
				D82FA88D23E3369A005B22D4 /* Base */,
			);
			name = LaunchScreen.storyboard;
			sourceTree = "<group>";
		};
/* End PBXVariantGroup section */

/* Begin XCBuildConfiguration section */
		D82FA89023E3369A005B22D4 /* Debug */ = {
			isa = XCBuildConfiguration;
			buildSettings = {
				ALWAYS_SEARCH_USER_PATHS = NO;
				CLANG_ANALYZER_NONNULL = YES;
				CLANG_ANALYZER_NUMBER_OBJECT_CONVERSION = YES_AGGRESSIVE;
				CLANG_CXX_LANGUAGE_STANDARD = "gnu++14";
				CLANG_CXX_LIBRARY = "libc++";
				CLANG_ENABLE_MODULES = YES;
				CLANG_ENABLE_OBJC_ARC = YES;
				CLANG_ENABLE_OBJC_WEAK = YES;
				CLANG_WARN_BLOCK_CAPTURE_AUTORELEASING = YES;
				CLANG_WARN_BOOL_CONVERSION = YES;
				CLANG_WARN_COMMA = YES;
				CLANG_WARN_CONSTANT_CONVERSION = YES;
				CLANG_WARN_DEPRECATED_OBJC_IMPLEMENTATIONS = YES;
				CLANG_WARN_DIRECT_OBJC_ISA_USAGE = YES_ERROR;
				CLANG_WARN_DOCUMENTATION_COMMENTS = YES;
				CLANG_WARN_EMPTY_BODY = YES;
				CLANG_WARN_ENUM_CONVERSION = YES;
				CLANG_WARN_INFINITE_RECURSION = YES;
				CLANG_WARN_INT_CONVERSION = YES;
				CLANG_WARN_NON_LITERAL_NULL_CONVERSION = YES;
				CLANG_WARN_OBJC_IMPLICIT_RETAIN_SELF = YES;
				CLANG_WARN_OBJC_LITERAL_CONVERSION = YES;
				CLANG_WARN_OBJC_ROOT_CLASS = YES_ERROR;
				CLANG_WARN_RANGE_LOOP_ANALYSIS = YES;
				CLANG_WARN_STRICT_PROTOTYPES = YES;
				CLANG_WARN_SUSPICIOUS_MOVE = YES;
				CLANG_WARN_UNGUARDED_AVAILABILITY = YES_AGGRESSIVE;
				CLANG_WARN_UNREACHABLE_CODE = YES;
				CLANG_WARN__DUPLICATE_METHOD_MATCH = YES;
				COPY_PHASE_STRIP = NO;
				DEBUG_INFORMATION_FORMAT = dwarf;
				ENABLE_STRICT_OBJC_MSGSEND = YES;
				ENABLE_TESTABILITY = YES;
				GCC_C_LANGUAGE_STANDARD = gnu11;
				GCC_DYNAMIC_NO_PIC = NO;
				GCC_NO_COMMON_BLOCKS = YES;
				GCC_OPTIMIZATION_LEVEL = 0;
				GCC_PREPROCESSOR_DEFINITIONS = (
					"DEBUG=1",
					"$(inherited)",
				);
				GCC_WARN_64_TO_32_BIT_CONVERSION = YES;
				GCC_WARN_ABOUT_RETURN_TYPE = YES_ERROR;
				GCC_WARN_UNDECLARED_SELECTOR = YES;
				GCC_WARN_UNINITIALIZED_AUTOS = YES_AGGRESSIVE;
				GCC_WARN_UNUSED_FUNCTION = YES;
				GCC_WARN_UNUSED_VARIABLE = YES;
				IPHONEOS_DEPLOYMENT_TARGET = 13.2;
				MTL_ENABLE_DEBUG_INFO = INCLUDE_SOURCE;
				MTL_FAST_MATH = YES;
				ONLY_ACTIVE_ARCH = YES;
				SDKROOT = iphoneos;
				SWIFT_ACTIVE_COMPILATION_CONDITIONS = DEBUG;
				SWIFT_OPTIMIZATION_LEVEL = "-Onone";
			};
			name = Debug;
		};
		D82FA89123E3369A005B22D4 /* Release */ = {
			isa = XCBuildConfiguration;
			buildSettings = {
				ALWAYS_SEARCH_USER_PATHS = NO;
				CLANG_ANALYZER_NONNULL = YES;
				CLANG_ANALYZER_NUMBER_OBJECT_CONVERSION = YES_AGGRESSIVE;
				CLANG_CXX_LANGUAGE_STANDARD = "gnu++14";
				CLANG_CXX_LIBRARY = "libc++";
				CLANG_ENABLE_MODULES = YES;
				CLANG_ENABLE_OBJC_ARC = YES;
				CLANG_ENABLE_OBJC_WEAK = YES;
				CLANG_WARN_BLOCK_CAPTURE_AUTORELEASING = YES;
				CLANG_WARN_BOOL_CONVERSION = YES;
				CLANG_WARN_COMMA = YES;
				CLANG_WARN_CONSTANT_CONVERSION = YES;
				CLANG_WARN_DEPRECATED_OBJC_IMPLEMENTATIONS = YES;
				CLANG_WARN_DIRECT_OBJC_ISA_USAGE = YES_ERROR;
				CLANG_WARN_DOCUMENTATION_COMMENTS = YES;
				CLANG_WARN_EMPTY_BODY = YES;
				CLANG_WARN_ENUM_CONVERSION = YES;
				CLANG_WARN_INFINITE_RECURSION = YES;
				CLANG_WARN_INT_CONVERSION = YES;
				CLANG_WARN_NON_LITERAL_NULL_CONVERSION = YES;
				CLANG_WARN_OBJC_IMPLICIT_RETAIN_SELF = YES;
				CLANG_WARN_OBJC_LITERAL_CONVERSION = YES;
				CLANG_WARN_OBJC_ROOT_CLASS = YES_ERROR;
				CLANG_WARN_RANGE_LOOP_ANALYSIS = YES;
				CLANG_WARN_STRICT_PROTOTYPES = YES;
				CLANG_WARN_SUSPICIOUS_MOVE = YES;
				CLANG_WARN_UNGUARDED_AVAILABILITY = YES_AGGRESSIVE;
				CLANG_WARN_UNREACHABLE_CODE = YES;
				CLANG_WARN__DUPLICATE_METHOD_MATCH = YES;
				COPY_PHASE_STRIP = NO;
				DEBUG_INFORMATION_FORMAT = "dwarf-with-dsym";
				ENABLE_NS_ASSERTIONS = NO;
				ENABLE_STRICT_OBJC_MSGSEND = YES;
				GCC_C_LANGUAGE_STANDARD = gnu11;
				GCC_NO_COMMON_BLOCKS = YES;
				GCC_WARN_64_TO_32_BIT_CONVERSION = YES;
				GCC_WARN_ABOUT_RETURN_TYPE = YES_ERROR;
				GCC_WARN_UNDECLARED_SELECTOR = YES;
				GCC_WARN_UNINITIALIZED_AUTOS = YES_AGGRESSIVE;
				GCC_WARN_UNUSED_FUNCTION = YES;
				GCC_WARN_UNUSED_VARIABLE = YES;
				IPHONEOS_DEPLOYMENT_TARGET = 13.2;
				MTL_ENABLE_DEBUG_INFO = NO;
				MTL_FAST_MATH = YES;
				SDKROOT = iphoneos;
				SWIFT_COMPILATION_MODE = wholemodule;
				SWIFT_OPTIMIZATION_LEVEL = "-O";
				VALIDATE_PRODUCT = YES;
			};
			name = Release;
		};
		D82FA89323E3369A005B22D4 /* Debug */ = {
			isa = XCBuildConfiguration;
			baseConfigurationReference = A7E28B1BF34ABBC63718BE6C /* Pods-ArtSpaceDos.debug.xcconfig */;
			buildSettings = {
				ASSETCATALOG_COMPILER_APPICON_NAME = AppIcon;
				CODE_SIGN_STYLE = Automatic;
				DEVELOPMENT_TEAM = 453FAV4WWW;
				INFOPLIST_FILE = ArtSpaceDos/Info.plist;
				LD_RUNPATH_SEARCH_PATHS = (
					"$(inherited)",
					"@executable_path/Frameworks",
				);
				PRODUCT_BUNDLE_IDENTIFIER = kabocha.ArtSpaceDos;
				PRODUCT_NAME = "$(TARGET_NAME)";
				SWIFT_VERSION = 5.0;
				TARGETED_DEVICE_FAMILY = "1,2";
			};
			name = Debug;
		};
		D82FA89423E3369A005B22D4 /* Release */ = {
			isa = XCBuildConfiguration;
			baseConfigurationReference = 0E40CA08D5E200C85CD7AE45 /* Pods-ArtSpaceDos.release.xcconfig */;
			buildSettings = {
				ASSETCATALOG_COMPILER_APPICON_NAME = AppIcon;
				CODE_SIGN_STYLE = Automatic;
				DEVELOPMENT_TEAM = 453FAV4WWW;
				INFOPLIST_FILE = ArtSpaceDos/Info.plist;
				LD_RUNPATH_SEARCH_PATHS = (
					"$(inherited)",
					"@executable_path/Frameworks",
				);
				PRODUCT_BUNDLE_IDENTIFIER = kabocha.ArtSpaceDos;
				PRODUCT_NAME = "$(TARGET_NAME)";
				SWIFT_VERSION = 5.0;
				TARGETED_DEVICE_FAMILY = "1,2";
			};
			name = Release;
		};
/* End XCBuildConfiguration section */

/* Begin XCConfigurationList section */
		D82FA87923E33697005B22D4 /* Build configuration list for PBXProject "ArtSpaceDos" */ = {
			isa = XCConfigurationList;
			buildConfigurations = (
				D82FA89023E3369A005B22D4 /* Debug */,
				D82FA89123E3369A005B22D4 /* Release */,
			);
			defaultConfigurationIsVisible = 0;
			defaultConfigurationName = Release;
		};
		D82FA89223E3369A005B22D4 /* Build configuration list for PBXNativeTarget "ArtSpaceDos" */ = {
			isa = XCConfigurationList;
			buildConfigurations = (
				D82FA89323E3369A005B22D4 /* Debug */,
				D82FA89423E3369A005B22D4 /* Release */,
			);
			defaultConfigurationIsVisible = 0;
			defaultConfigurationName = Release;
		};
/* End XCConfigurationList section */
	};
	rootObject = D82FA87623E33697005B22D4 /* Project object */;
}
